
Microsoft Visual Studio Solution File, Format Version 12.00
# Visual Studio Version 17
VisualStudioVersion = 17.5.33516.290
MinimumVisualStudioVersion = 10.0.40219.1
Project("{9A19103F-16F7-4668-BE54-9A1E7A4F7556}") = "Trie", "TrieLibrary\Trie.csproj", "{96DC4895-EB33-4E26-8FEC-8CA88961A1DA}"
EndProject
Project("{FAE04EC0-301F-11D3-BF4B-00C04F79EFBC}") = "TrieLibraryTests", "TrieLibraryTests\TrieLibraryTests.csproj", "{0D1FBA56-E96E-4076-90C5-6E54C1026DF4}"
EndProject
Global
	GlobalSection(SolutionConfigurationPlatforms) = preSolution
		Debug|Any CPU = Debug|Any CPU
		Release|Any CPU = Release|Any CPU
	EndGlobalSection
	GlobalSection(ProjectConfigurationPlatforms) = postSolution
		{96DC4895-EB33-4E26-8FEC-8CA88961A1DA}.Debug|Any CPU.ActiveCfg = Debug|Any CPU
		{96DC4895-EB33-4E26-8FEC-8CA88961A1DA}.Debug|Any CPU.Build.0 = Debug|Any CPU
		{96DC4895-EB33-4E26-8FEC-8CA88961A1DA}.Release|Any CPU.ActiveCfg = Release|Any CPU
		{96DC4895-EB33-4E26-8FEC-8CA88961A1DA}.Release|Any CPU.Build.0 = Release|Any CPU
		{0D1FBA56-E96E-4076-90C5-6E54C1026DF4}.Debug|Any CPU.ActiveCfg = Debug|Any CPU
		{0D1FBA56-E96E-4076-90C5-6E54C1026DF4}.Debug|Any CPU.Build.0 = Debug|Any CPU
		{0D1FBA56-E96E-4076-90C5-6E54C1026DF4}.Release|Any CPU.ActiveCfg = Release|Any CPU
		{0D1FBA56-E96E-4076-90C5-6E54C1026DF4}.Release|Any CPU.Build.0 = Release|Any CPU
	EndGlobalSection
	GlobalSection(SolutionProperties) = preSolution
		HideSolutionNode = FALSE
	EndGlobalSection
	GlobalSection(ExtensibilityGlobals) = postSolution
		SolutionGuid = {F651296A-B004-4219-A1DF-9E2ED681E4B8}
	EndGlobalSection
EndGlobal
