
Microsoft Visual Studio Solution File, Format Version 12.00
# Visual Studio Version 17
VisualStudioVersion = 17.4.33403.182
MinimumVisualStudioVersion = 10.0.40219.1
Project("{FAE04EC0-301F-11D3-BF4B-00C04F79EFBC}") = "stackCalculator", "stackCalculator.csproj", "{43B3AD6B-E2ED-4BA4-A556-D680AA69A936}"
EndProject
Global
	GlobalSection(SolutionConfigurationPlatforms) = preSolution
		Debug|Any CPU = Debug|Any CPU
		Release|Any CPU = Release|Any CPU
	EndGlobalSection
	GlobalSection(ProjectConfigurationPlatforms) = postSolution
		{43B3AD6B-E2ED-4BA4-A556-D680AA69A936}.Debug|Any CPU.ActiveCfg = Debug|Any CPU
		{43B3AD6B-E2ED-4BA4-A556-D680AA69A936}.Debug|Any CPU.Build.0 = Debug|Any CPU
		{43B3AD6B-E2ED-4BA4-A556-D680AA69A936}.Release|Any CPU.ActiveCfg = Release|Any CPU
		{43B3AD6B-E2ED-4BA4-A556-D680AA69A936}.Release|Any CPU.Build.0 = Release|Any CPU
	EndGlobalSection
	GlobalSection(SolutionProperties) = preSolution
		HideSolutionNode = FALSE
	EndGlobalSection
	GlobalSection(ExtensibilityGlobals) = postSolution
		SolutionGuid = {11D48CD3-4126-4865-8F3E-DF5CFCDA054E}
	EndGlobalSection
EndGlobal
