
Microsoft Visual Studio Solution File, Format Version 12.00
# Visual Studio Version 17
VisualStudioVersion = 17.5.33516.290
MinimumVisualStudioVersion = 10.0.40219.1
Project("{9A19103F-16F7-4668-BE54-9A1E7A4F7556}") = "LambdaPractice", "LambdaPractice\LambdaPractice.csproj", "{878D81C8-2B45-4956-9ED3-8E48399D32BE}"
EndProject
Project("{FAE04EC0-301F-11D3-BF4B-00C04F79EFBC}") = "LambdaPractice.Tests", "LambdaPractice.Tests\LambdaPractice.Tests.csproj", "{FA22E7CC-6F69-4282-B843-40E1A275C672}"
EndProject
Global
	GlobalSection(SolutionConfigurationPlatforms) = preSolution
		Debug|Any CPU = Debug|Any CPU
		Release|Any CPU = Release|Any CPU
	EndGlobalSection
	GlobalSection(ProjectConfigurationPlatforms) = postSolution
		{878D81C8-2B45-4956-9ED3-8E48399D32BE}.Debug|Any CPU.ActiveCfg = Debug|Any CPU
		{878D81C8-2B45-4956-9ED3-8E48399D32BE}.Debug|Any CPU.Build.0 = Debug|Any CPU
		{878D81C8-2B45-4956-9ED3-8E48399D32BE}.Release|Any CPU.ActiveCfg = Release|Any CPU
		{878D81C8-2B45-4956-9ED3-8E48399D32BE}.Release|Any CPU.Build.0 = Release|Any CPU
		{FA22E7CC-6F69-4282-B843-40E1A275C672}.Debug|Any CPU.ActiveCfg = Debug|Any CPU
		{FA22E7CC-6F69-4282-B843-40E1A275C672}.Debug|Any CPU.Build.0 = Debug|Any CPU
		{FA22E7CC-6F69-4282-B843-40E1A275C672}.Release|Any CPU.ActiveCfg = Release|Any CPU
		{FA22E7CC-6F69-4282-B843-40E1A275C672}.Release|Any CPU.Build.0 = Release|Any CPU
	EndGlobalSection
	GlobalSection(SolutionProperties) = preSolution
		HideSolutionNode = FALSE
	EndGlobalSection
	GlobalSection(ExtensibilityGlobals) = postSolution
		SolutionGuid = {C90C4C65-8B93-466D-BF75-1972E6C792FE}
	EndGlobalSection
EndGlobal
