
Microsoft Visual Studio Solution File, Format Version 12.00
# Visual Studio Version 17
VisualStudioVersion = 17.4.33403.182
MinimumVisualStudioVersion = 10.0.40219.1
Project("{9A19103F-16F7-4668-BE54-9A1E7A4F7556}") = "LZW", "LZW\LZW.csproj", "{36E53D51-0A6D-46F4-8DB1-5E95E532ACDD}"
EndProject
Project("{9A19103F-16F7-4668-BE54-9A1E7A4F7556}") = "Trie", "Trie\Trie.csproj", "{CC907498-1B0C-4291-A993-B0CE39504C97}"
EndProject
Project("{9A19103F-16F7-4668-BE54-9A1E7A4F7556}") = "BWT", "BWT\BWT.csproj", "{0BF4BA71-A978-4DC3-9B51-3CC841FDF02F}"
EndProject
Project("{FAE04EC0-301F-11D3-BF4B-00C04F79EFBC}") = "LZWTests", "LZWTests\LZWTests.csproj", "{42627EE1-F25C-442C-BFB1-9BA57CB532AD}"
EndProject
Global
	GlobalSection(SolutionConfigurationPlatforms) = preSolution
		Debug|Any CPU = Debug|Any CPU
		Release|Any CPU = Release|Any CPU
	EndGlobalSection
	GlobalSection(ProjectConfigurationPlatforms) = postSolution
		{36E53D51-0A6D-46F4-8DB1-5E95E532ACDD}.Debug|Any CPU.ActiveCfg = Debug|Any CPU
		{36E53D51-0A6D-46F4-8DB1-5E95E532ACDD}.Debug|Any CPU.Build.0 = Debug|Any CPU
		{36E53D51-0A6D-46F4-8DB1-5E95E532ACDD}.Release|Any CPU.ActiveCfg = Release|Any CPU
		{36E53D51-0A6D-46F4-8DB1-5E95E532ACDD}.Release|Any CPU.Build.0 = Release|Any CPU
		{CC907498-1B0C-4291-A993-B0CE39504C97}.Debug|Any CPU.ActiveCfg = Debug|Any CPU
		{CC907498-1B0C-4291-A993-B0CE39504C97}.Debug|Any CPU.Build.0 = Debug|Any CPU
		{CC907498-1B0C-4291-A993-B0CE39504C97}.Release|Any CPU.ActiveCfg = Release|Any CPU
		{CC907498-1B0C-4291-A993-B0CE39504C97}.Release|Any CPU.Build.0 = Release|Any CPU
		{0BF4BA71-A978-4DC3-9B51-3CC841FDF02F}.Debug|Any CPU.ActiveCfg = Debug|Any CPU
		{0BF4BA71-A978-4DC3-9B51-3CC841FDF02F}.Debug|Any CPU.Build.0 = Debug|Any CPU
		{0BF4BA71-A978-4DC3-9B51-3CC841FDF02F}.Release|Any CPU.ActiveCfg = Release|Any CPU
		{0BF4BA71-A978-4DC3-9B51-3CC841FDF02F}.Release|Any CPU.Build.0 = Release|Any CPU
		{42627EE1-F25C-442C-BFB1-9BA57CB532AD}.Debug|Any CPU.ActiveCfg = Debug|Any CPU
		{42627EE1-F25C-442C-BFB1-9BA57CB532AD}.Debug|Any CPU.Build.0 = Debug|Any CPU
		{42627EE1-F25C-442C-BFB1-9BA57CB532AD}.Release|Any CPU.ActiveCfg = Release|Any CPU
		{42627EE1-F25C-442C-BFB1-9BA57CB532AD}.Release|Any CPU.Build.0 = Release|Any CPU
	EndGlobalSection
	GlobalSection(SolutionProperties) = preSolution
		HideSolutionNode = FALSE
	EndGlobalSection
	GlobalSection(ExtensibilityGlobals) = postSolution
		SolutionGuid = {C6FB5017-5DF3-4BCE-8B1B-A6746AFCCB79}
	EndGlobalSection
EndGlobal
