
Microsoft Visual Studio Solution File, Format Version 12.00
# Visual Studio Version 17
VisualStudioVersion = 17.5.33530.505
MinimumVisualStudioVersion = 10.0.40219.1
Project("{FAE04EC0-301F-11D3-BF4B-00C04F79EFBC}") = "SkipList", "SkipList\SkipList.csproj", "{EBCA3EAC-F8FD-4A3C-86A1-F471C9275AF2}"
EndProject
Global
	GlobalSection(SolutionConfigurationPlatforms) = preSolution
		Debug|Any CPU = Debug|Any CPU
		Release|Any CPU = Release|Any CPU
	EndGlobalSection
	GlobalSection(ProjectConfigurationPlatforms) = postSolution
		{EBCA3EAC-F8FD-4A3C-86A1-F471C9275AF2}.Debug|Any CPU.ActiveCfg = Debug|Any CPU
		{EBCA3EAC-F8FD-4A3C-86A1-F471C9275AF2}.Debug|Any CPU.Build.0 = Debug|Any CPU
		{EBCA3EAC-F8FD-4A3C-86A1-F471C9275AF2}.Release|Any CPU.ActiveCfg = Release|Any CPU
		{EBCA3EAC-F8FD-4A3C-86A1-F471C9275AF2}.Release|Any CPU.Build.0 = Release|Any CPU
	EndGlobalSection
	GlobalSection(SolutionProperties) = preSolution
		HideSolutionNode = FALSE
	EndGlobalSection
	GlobalSection(ExtensibilityGlobals) = postSolution
		SolutionGuid = {5EAA8204-649D-492E-A1EF-D978F479A664}
	EndGlobalSection
EndGlobal
