
Microsoft Visual Studio Solution File, Format Version 12.00
# Visual Studio Version 17
VisualStudioVersion = 17.4.33403.182
MinimumVisualStudioVersion = 10.0.40219.1
Project("{FAE04EC0-301F-11D3-BF4B-00C04F79EFBC}") = "BWT", "BWT.csproj", "{AD2776DD-7C5E-4E12-87AF-650793B29FED}"
EndProject
Global
	GlobalSection(SolutionConfigurationPlatforms) = preSolution
		Debug|Any CPU = Debug|Any CPU
		Release|Any CPU = Release|Any CPU
	EndGlobalSection
	GlobalSection(ProjectConfigurationPlatforms) = postSolution
		{AD2776DD-7C5E-4E12-87AF-650793B29FED}.Debug|Any CPU.ActiveCfg = Debug|Any CPU
		{AD2776DD-7C5E-4E12-87AF-650793B29FED}.Debug|Any CPU.Build.0 = Debug|Any CPU
		{AD2776DD-7C5E-4E12-87AF-650793B29FED}.Release|Any CPU.ActiveCfg = Release|Any CPU
		{AD2776DD-7C5E-4E12-87AF-650793B29FED}.Release|Any CPU.Build.0 = Release|Any CPU
	EndGlobalSection
	GlobalSection(SolutionProperties) = preSolution
		HideSolutionNode = FALSE
	EndGlobalSection
	GlobalSection(ExtensibilityGlobals) = postSolution
		SolutionGuid = {A240C909-1F74-4D94-AA06-84D5E05C58EC}
	EndGlobalSection
EndGlobal
