
Microsoft Visual Studio Solution File, Format Version 12.00
# Visual Studio Version 17
VisualStudioVersion = 17.5.33627.172
MinimumVisualStudioVersion = 10.0.40219.1
Project("{FAE04EC0-301F-11D3-BF4B-00C04F79EFBC}") = "CatchTheButton", "CatchTheButton\CatchTheButton.csproj", "{98F9FBD5-43AE-4ECA-B143-6EABFE7F17E9}"
EndProject
Global
	GlobalSection(SolutionConfigurationPlatforms) = preSolution
		Debug|Any CPU = Debug|Any CPU
		Release|Any CPU = Release|Any CPU
	EndGlobalSection
	GlobalSection(ProjectConfigurationPlatforms) = postSolution
		{98F9FBD5-43AE-4ECA-B143-6EABFE7F17E9}.Debug|Any CPU.ActiveCfg = Debug|Any CPU
		{98F9FBD5-43AE-4ECA-B143-6EABFE7F17E9}.Debug|Any CPU.Build.0 = Debug|Any CPU
		{98F9FBD5-43AE-4ECA-B143-6EABFE7F17E9}.Release|Any CPU.ActiveCfg = Release|Any CPU
		{98F9FBD5-43AE-4ECA-B143-6EABFE7F17E9}.Release|Any CPU.Build.0 = Release|Any CPU
	EndGlobalSection
	GlobalSection(SolutionProperties) = preSolution
		HideSolutionNode = FALSE
	EndGlobalSection
	GlobalSection(ExtensibilityGlobals) = postSolution
		SolutionGuid = {7019CF9E-D88C-4578-B005-67DC85846528}
	EndGlobalSection
EndGlobal
